PODS:
  - GPUImage (0.1.7)
  - libksygpulive/base (3.0.4)
  - libksygpulive/KSYGPUResource (3.0.4)
  - libksygpulive/libksygpulive (3.0.4):
    - GPUImage
    - libksygpulive/streamerbase
  - libksygpulive/mediacodec (3.0.4)
  - libksygpulive/mediacore_enc_base (3.0.4)
  - libksygpulive/mediacore_enc_lite (3.0.4)
  - libksygpulive/streamerbase (3.0.4):
    - libksygpulive/base
    - libksygpulive/mediacodec
    - libksygpulive/mediacore_enc_base
    - libksygpulive/mediacore_enc_lite
    - libksygpulive/yuv
  - libksygpulive/yuv (3.0.4)
  - PureLayout (3.1.4)
  - React (0.58.6):
    - React/Core (= 0.58.6)
  - react-native-camera (3.3.3):
    - React
    - react-native-camera/RCT (= 3.3.3)
    - react-native-camera/RN (= 3.3.3)
  - react-native-camera/RCT (3.3.3):
    - React
  - react-native-camera/RN (3.3.3):
    - React
  - react-native-rtmpview (1.0.21):
    - libksygpulive/KSYGPUResource
    - libksygpulive/libksygpulive
    - PureLayout
    - React
  - React/Core (0.58.6):
    - yoga (= 0.58.6.React)
  - yoga (0.58.6.React)

DEPENDENCIES:
  - React (from `../node_modules/react-native`)
  - react-native-camera (from `../node_modules/react-native-camera`)
  - react-native-rtmpview (from `../node_modules/react-native-rtmpview`)
  - yoga (from `../node_modules/react-native/ReactCommon/yoga/yoga.podspec`)

SPEC REPOS:
  https://github.com/cocoapods/specs.git:
    - GPUImage
    - libksygpulive
    - PureLayout

EXTERNAL SOURCES:
  React:
    :path: "../node_modules/react-native"
  react-native-camera:
    :path: "../node_modules/react-native-camera"
  react-native-rtmpview:
    :path: "../node_modules/react-native-rtmpview"
  yoga:
    :path: "../node_modules/react-native/ReactCommon/yoga/yoga.podspec"

SPEC CHECKSUMS:
  GPUImage: 733a5f0fab92df9de1c37ba9df520a833ccb406d
  libksygpulive: aca3eb30e7a38ee6565feb52feb82ccc0103ce43
  PureLayout: f08c01b8dec00bb14a1fefa3de4c7d9c265df85e
  React: 130b87b2d5e2baac646954282cab87be986d98fc
  react-native-camera: 941db9425e984fe31743e78e381a1498dbb92f5f
  react-native-rtmpview: 2e767d0d282e46ebd88063453968de7369369009
  yoga: 32d7ef1081951e9a35a4c72a7be797598b138a48

PODFILE CHECKSUM: bf914fdfc574a8dc38ff7324d928dfaf1d3ad087

COCOAPODS: 1.7.5
